
Microsoft Visual Studio Solution File, Format Version 12.00
# Visual Studio Version 16
VisualStudioVersion = 16.0.29609.76
MinimumVisualStudioVersion = 10.0.40219.1
Project("{8BC9CEB8-8B4A-11D0-8D11-00A0C91BC942}") = "SinglyLinkedList", "SinglyLinkedList\SinglyLinkedList.vcxproj", "{D6655BA0-3F77-4ED8-B3F9-F7E1C9379BED}"
EndProject
Global
	GlobalSection(SolutionConfigurationPlatforms) = preSolution
		Debug|x64 = Debug|x64
		Debug|x86 = Debug|x86
		Release|x64 = Release|x64
		Release|x86 = Release|x86
	EndGlobalSection
	GlobalSection(ProjectConfigurationPlatforms) = postSolution
		{D6655BA0-3F77-4ED8-B3F9-F7E1C9379BED}.Debug|x64.ActiveCfg = Debug|x64
		{D6655BA0-3F77-4ED8-B3F9-F7E1C9379BED}.Debug|x64.Build.0 = Debug|x64
		{D6655BA0-3F77-4ED8-B3F9-F7E1C9379BED}.Debug|x86.ActiveCfg = Debug|Win32
		{D6655BA0-3F77-4ED8-B3F9-F7E1C9379BED}.Debug|x86.Build.0 = Debug|Win32
		{D6655BA0-3F77-4ED8-B3F9-F7E1C9379BED}.Release|x64.ActiveCfg = Release|x64
		{D6655BA0-3F77-4ED8-B3F9-F7E1C9379BED}.Release|x64.Build.0 = Release|x64
		{D6655BA0-3F77-4ED8-B3F9-F7E1C9379BED}.Release|x86.ActiveCfg = Release|Win32
		{D6655BA0-3F77-4ED8-B3F9-F7E1C9379BED}.Release|x86.Build.0 = Release|Win32
	EndGlobalSection
	GlobalSection(SolutionProperties) = preSolution
		HideSolutionNode = FALSE
	EndGlobalSection
	GlobalSection(ExtensibilityGlobals) = postSolution
		SolutionGuid = {0C5F5D89-FB5E-402C-AE4C-0733F39D42A0}
	EndGlobalSection
EndGlobal
